
Microsoft Visual Studio Solution File, Format Version 12.00
# Visual Studio Version 17
VisualStudioVersion = 17.4.33403.182
MinimumVisualStudioVersion = 10.0.40219.1
Project("{FAE04EC0-301F-11D3-BF4B-00C04F79EFBC}") = "Restaurant", "Restaurant.csproj", "{7CF5B690-B12B-46EF-9649-CB91604BB205}"
EndProject
Global
	GlobalSection(SolutionConfigurationPlatforms) = preSolution
		Debug|Any CPU = Debug|Any CPU
		Release|Any CPU = Release|Any CPU
	EndGlobalSection
	GlobalSection(ProjectConfigurationPlatforms) = postSolution
		{7CF5B690-B12B-46EF-9649-CB91604BB205}.Debug|Any CPU.ActiveCfg = Debug|Any CPU
		{7CF5B690-B12B-46EF-9649-CB91604BB205}.Debug|Any CPU.Build.0 = Debug|Any CPU
		{7CF5B690-B12B-46EF-9649-CB91604BB205}.Release|Any CPU.ActiveCfg = Release|Any CPU
		{7CF5B690-B12B-46EF-9649-CB91604BB205}.Release|Any CPU.Build.0 = Release|Any CPU
	EndGlobalSection
	GlobalSection(SolutionProperties) = preSolution
		HideSolutionNode = FALSE
	EndGlobalSection
	GlobalSection(ExtensibilityGlobals) = postSolution
		SolutionGuid = {80DD4AB9-11EC-47EA-9393-FB95A3106D50}
	EndGlobalSection
EndGlobal
